
Microsoft Visual Studio Solution File, Format Version 12.00
# Visual Studio Version 17
VisualStudioVersion = 17.3.32929.385
MinimumVisualStudioVersion = 10.0.40219.1
Project("{FAE04EC0-301F-11D3-BF4B-00C04F79EFBC}") = "Finals Project", "Finals Project.csproj", "{7DF16B32-A3A2-4675-B7F9-02A752F0F262}"
EndProject
Project("{FAE04EC0-301F-11D3-BF4B-00C04F79EFBC}") = "Finals ProjectTests", "..\Finals ProjectTests\Finals ProjectTests.csproj", "{940CB73E-407A-4DC3-8EC6-E35AFF3A4F9A}"
EndProject
Global
	GlobalSection(SolutionConfigurationPlatforms) = preSolution
		Debug|Any CPU = Debug|Any CPU
		Release|Any CPU = Release|Any CPU
	EndGlobalSection
	GlobalSection(ProjectConfigurationPlatforms) = postSolution
		{7DF16B32-A3A2-4675-B7F9-02A752F0F262}.Debug|Any CPU.ActiveCfg = Debug|Any CPU
		{7DF16B32-A3A2-4675-B7F9-02A752F0F262}.Debug|Any CPU.Build.0 = Debug|Any CPU
		{7DF16B32-A3A2-4675-B7F9-02A752F0F262}.Release|Any CPU.ActiveCfg = Release|Any CPU
		{7DF16B32-A3A2-4675-B7F9-02A752F0F262}.Release|Any CPU.Build.0 = Release|Any CPU
		{940CB73E-407A-4DC3-8EC6-E35AFF3A4F9A}.Debug|Any CPU.ActiveCfg = Debug|Any CPU
		{940CB73E-407A-4DC3-8EC6-E35AFF3A4F9A}.Debug|Any CPU.Build.0 = Debug|Any CPU
		{940CB73E-407A-4DC3-8EC6-E35AFF3A4F9A}.Release|Any CPU.ActiveCfg = Release|Any CPU
		{940CB73E-407A-4DC3-8EC6-E35AFF3A4F9A}.Release|Any CPU.Build.0 = Release|Any CPU
	EndGlobalSection
	GlobalSection(SolutionProperties) = preSolution
		HideSolutionNode = FALSE
	EndGlobalSection
	GlobalSection(ExtensibilityGlobals) = postSolution
		SolutionGuid = {AB1F0962-FBA9-4572-9BEB-F1488339CC13}
	EndGlobalSection
EndGlobal
